
Microsoft Visual Studio Solution File, Format Version 12.00
# Visual Studio Version 16
VisualStudioVersion = 16.0.30413.136
MinimumVisualStudioVersion = 10.0.40219.1
Project("{9A19103F-16F7-4668-BE54-9A1E7A4F7556}") = "RaceSim", "raceSim\RaceSim.csproj", "{CA8F7BB9-8DF3-43B5-9EF4-CDFD6AB71045}"
EndProject
Project("{9A19103F-16F7-4668-BE54-9A1E7A4F7556}") = "Model", "Model\Model.csproj", "{ED80B3AD-E85C-4932-9F55-543D1297EF70}"
EndProject
Project("{9A19103F-16F7-4668-BE54-9A1E7A4F7556}") = "ControllerTest", "ControllerTest\ControllerTest.csproj", "{F8D5A39D-27F8-450C-8389-89832407E09D}"
EndProject
Project("{9A19103F-16F7-4668-BE54-9A1E7A4F7556}") = "Controller", "Controller\Controller.csproj", "{7745B1F4-5CF0-410F-AD29-4DD04E548713}"
EndProject
Project("{FAE04EC0-301F-11D3-BF4B-00C04F79EFBC}") = "RaceVisuals", "RaceVisuals\RaceVisuals.csproj", "{A87C7290-321D-43E3-B764-1A840669977C}"
EndProject
Global
	GlobalSection(SolutionConfigurationPlatforms) = preSolution
		Debug|Any CPU = Debug|Any CPU
		Release|Any CPU = Release|Any CPU
	EndGlobalSection
	GlobalSection(ProjectConfigurationPlatforms) = postSolution
		{CA8F7BB9-8DF3-43B5-9EF4-CDFD6AB71045}.Debug|Any CPU.ActiveCfg = Debug|Any CPU
		{CA8F7BB9-8DF3-43B5-9EF4-CDFD6AB71045}.Debug|Any CPU.Build.0 = Debug|Any CPU
		{CA8F7BB9-8DF3-43B5-9EF4-CDFD6AB71045}.Release|Any CPU.ActiveCfg = Release|Any CPU
		{CA8F7BB9-8DF3-43B5-9EF4-CDFD6AB71045}.Release|Any CPU.Build.0 = Release|Any CPU
		{ED80B3AD-E85C-4932-9F55-543D1297EF70}.Debug|Any CPU.ActiveCfg = Debug|Any CPU
		{ED80B3AD-E85C-4932-9F55-543D1297EF70}.Debug|Any CPU.Build.0 = Debug|Any CPU
		{ED80B3AD-E85C-4932-9F55-543D1297EF70}.Release|Any CPU.ActiveCfg = Release|Any CPU
		{ED80B3AD-E85C-4932-9F55-543D1297EF70}.Release|Any CPU.Build.0 = Release|Any CPU
		{F8D5A39D-27F8-450C-8389-89832407E09D}.Debug|Any CPU.ActiveCfg = Debug|Any CPU
		{F8D5A39D-27F8-450C-8389-89832407E09D}.Debug|Any CPU.Build.0 = Debug|Any CPU
		{F8D5A39D-27F8-450C-8389-89832407E09D}.Release|Any CPU.ActiveCfg = Release|Any CPU
		{F8D5A39D-27F8-450C-8389-89832407E09D}.Release|Any CPU.Build.0 = Release|Any CPU
		{7745B1F4-5CF0-410F-AD29-4DD04E548713}.Debug|Any CPU.ActiveCfg = Debug|Any CPU
		{7745B1F4-5CF0-410F-AD29-4DD04E548713}.Debug|Any CPU.Build.0 = Debug|Any CPU
		{7745B1F4-5CF0-410F-AD29-4DD04E548713}.Release|Any CPU.ActiveCfg = Release|Any CPU
		{7745B1F4-5CF0-410F-AD29-4DD04E548713}.Release|Any CPU.Build.0 = Release|Any CPU
		{A87C7290-321D-43E3-B764-1A840669977C}.Debug|Any CPU.ActiveCfg = Debug|Any CPU
		{A87C7290-321D-43E3-B764-1A840669977C}.Debug|Any CPU.Build.0 = Debug|Any CPU
		{A87C7290-321D-43E3-B764-1A840669977C}.Release|Any CPU.ActiveCfg = Release|Any CPU
		{A87C7290-321D-43E3-B764-1A840669977C}.Release|Any CPU.Build.0 = Release|Any CPU
	EndGlobalSection
	GlobalSection(SolutionProperties) = preSolution
		HideSolutionNode = FALSE
	EndGlobalSection
	GlobalSection(ExtensibilityGlobals) = postSolution
		SolutionGuid = {24790A5B-351B-453B-8691-CBC819030324}
	EndGlobalSection
EndGlobal
